
Microsoft Visual Studio Solution File, Format Version 12.00
# Visual Studio Version 16
VisualStudioVersion = 16.0.29905.134
MinimumVisualStudioVersion = 10.0.40219.1
Project("{FAE04EC0-301F-11D3-BF4B-00C04F79EFBC}") = "SalesWebMvc", "SalesWebMvc\SalesWebMvc.csproj", "{1990BB8C-2EE6-48A2-816B-0EE3983679EF}"
EndProject
Global
	GlobalSection(SolutionConfigurationPlatforms) = preSolution
		Debug|Any CPU = Debug|Any CPU
		Release|Any CPU = Release|Any CPU
	EndGlobalSection
	GlobalSection(ProjectConfigurationPlatforms) = postSolution
		{1990BB8C-2EE6-48A2-816B-0EE3983679EF}.Debug|Any CPU.ActiveCfg = Debug|Any CPU
		{1990BB8C-2EE6-48A2-816B-0EE3983679EF}.Debug|Any CPU.Build.0 = Debug|Any CPU
		{1990BB8C-2EE6-48A2-816B-0EE3983679EF}.Release|Any CPU.ActiveCfg = Release|Any CPU
		{1990BB8C-2EE6-48A2-816B-0EE3983679EF}.Release|Any CPU.Build.0 = Release|Any CPU
	EndGlobalSection
	GlobalSection(SolutionProperties) = preSolution
		HideSolutionNode = FALSE
	EndGlobalSection
	GlobalSection(ExtensibilityGlobals) = postSolution
		SolutionGuid = {139DD283-2ECE-4987-B66E-E3A054ABDD93}
	EndGlobalSection
EndGlobal
